
Microsoft Visual Studio Solution File, Format Version 12.00
# Visual Studio Version 16
VisualStudioVersion = 16.0.32106.194
MinimumVisualStudioVersion = 10.0.40219.1
Project("{8BC9CEB8-8B4A-11D0-8D11-00A0C91BC942}") = "Damnchess++", "Damnchess++\Damnchess++.vcxproj", "{774C4417-BACB-44E1-BE50-74B251D2CA24}"
EndProject
Global
	GlobalSection(SolutionConfigurationPlatforms) = preSolution
		Debug|x64 = Debug|x64
		Debug|x86 = Debug|x86
		Release|x64 = Release|x64
		Release|x86 = Release|x86
	EndGlobalSection
	GlobalSection(ProjectConfigurationPlatforms) = postSolution
		{774C4417-BACB-44E1-BE50-74B251D2CA24}.Debug|x64.ActiveCfg = Debug|x64
		{774C4417-BACB-44E1-BE50-74B251D2CA24}.Debug|x64.Build.0 = Debug|x64
		{774C4417-BACB-44E1-BE50-74B251D2CA24}.Debug|x86.ActiveCfg = Debug|Win32
		{774C4417-BACB-44E1-BE50-74B251D2CA24}.Debug|x86.Build.0 = Debug|Win32
		{774C4417-BACB-44E1-BE50-74B251D2CA24}.Release|x64.ActiveCfg = Release|x64
		{774C4417-BACB-44E1-BE50-74B251D2CA24}.Release|x64.Build.0 = Release|x64
		{774C4417-BACB-44E1-BE50-74B251D2CA24}.Release|x86.ActiveCfg = Release|Win32
		{774C4417-BACB-44E1-BE50-74B251D2CA24}.Release|x86.Build.0 = Release|Win32
	EndGlobalSection
	GlobalSection(SolutionProperties) = preSolution
		HideSolutionNode = FALSE
	EndGlobalSection
	GlobalSection(ExtensibilityGlobals) = postSolution
		SolutionGuid = {D1F6EE73-44FD-431B-B4DF-B7E4C185D8A7}
	EndGlobalSection
EndGlobal
